
Microsoft Visual Studio Solution File, Format Version 12.00
# Visual Studio 14
VisualStudioVersion = 14.0.25420.1
MinimumVisualStudioVersion = 10.0.40219.1
Project("{FAE04EC0-301F-11D3-BF4B-00C04F79EFBC}") = "FriendOrganiser.UI", "FriendOrganiser.UI\FriendOrganiser.UI.csproj", "{B7AB6F01-9F5A-41CB-96DD-34A75DF279FF}"
EndProject
Project("{FAE04EC0-301F-11D3-BF4B-00C04F79EFBC}") = "FriendOrganiser.DataAccess", "FriendOrganiser.DataAccess\FriendOrganiser.DataAccess.csproj", "{66AFEEA3-DF6F-4DCA-AFA9-660A8B6EF346}"
EndProject
Project("{FAE04EC0-301F-11D3-BF4B-00C04F79EFBC}") = "FriendOrganiser.Model", "FriendOrganiser.Model\FriendOrganiser.Model.csproj", "{57ECCA70-F25A-4117-9804-36257A2AE89F}"
EndProject
Global
	GlobalSection(SolutionConfigurationPlatforms) = preSolution
		Debug|Any CPU = Debug|Any CPU
		Release|Any CPU = Release|Any CPU
	EndGlobalSection
	GlobalSection(ProjectConfigurationPlatforms) = postSolution
		{B7AB6F01-9F5A-41CB-96DD-34A75DF279FF}.Debug|Any CPU.ActiveCfg = Debug|Any CPU
		{B7AB6F01-9F5A-41CB-96DD-34A75DF279FF}.Debug|Any CPU.Build.0 = Debug|Any CPU
		{B7AB6F01-9F5A-41CB-96DD-34A75DF279FF}.Release|Any CPU.ActiveCfg = Release|Any CPU
		{B7AB6F01-9F5A-41CB-96DD-34A75DF279FF}.Release|Any CPU.Build.0 = Release|Any CPU
		{66AFEEA3-DF6F-4DCA-AFA9-660A8B6EF346}.Debug|Any CPU.ActiveCfg = Debug|Any CPU
		{66AFEEA3-DF6F-4DCA-AFA9-660A8B6EF346}.Debug|Any CPU.Build.0 = Debug|Any CPU
		{66AFEEA3-DF6F-4DCA-AFA9-660A8B6EF346}.Release|Any CPU.ActiveCfg = Release|Any CPU
		{66AFEEA3-DF6F-4DCA-AFA9-660A8B6EF346}.Release|Any CPU.Build.0 = Release|Any CPU
		{57ECCA70-F25A-4117-9804-36257A2AE89F}.Debug|Any CPU.ActiveCfg = Debug|Any CPU
		{57ECCA70-F25A-4117-9804-36257A2AE89F}.Debug|Any CPU.Build.0 = Debug|Any CPU
		{57ECCA70-F25A-4117-9804-36257A2AE89F}.Release|Any CPU.ActiveCfg = Release|Any CPU
		{57ECCA70-F25A-4117-9804-36257A2AE89F}.Release|Any CPU.Build.0 = Release|Any CPU
	EndGlobalSection
	GlobalSection(SolutionProperties) = preSolution
		HideSolutionNode = FALSE
	EndGlobalSection
EndGlobal
